{"version":4,"terraform_version":"1.11.3","serial":2,"lineage":"d5249a08-2822-4d22-5de9-2a41448e008e","outputs":{"urls":{"value":{"app_via_nginx":"http://localhost:8080","postgres":"localhost:5432"},"type":["object",{"app_via_nginx":"string","postgres":"string"}]}},"resources":[{"mode":"managed","type":"docker_container","name":"postgres","provider":"provider[\"registry.opentofu.org/kreuzwerker/docker\"]","instances":[{"status":"tainted","schema_version":2,"attributes":{"attach":false,"bridge":null,"capabilities":[],"cgroup_parent":null,"cgroupns_mode":null,"command":null,"container_logs":null,"container_read_refresh_timeout_milliseconds":15000,"cpu_period":null,"cpu_quota":null,"cpu_set":null,"cpu_shares":null,"cpus":null,"destroy_grace_seconds":null,"devices":[],"dns":null,"dns_opts":null,"dns_search":null,"domainname":null,"entrypoint":null,"env":["POSTGRES_DB=ws","POSTGRES_PASSWORD=ws","POSTGRES_USER=ws"],"exit_code":null,"gpus":null,"group_add":null,"healthcheck":null,"host":[],"hostname":null,"id":"eb64eeefab28f359a9a7769baa97a764b4373bac1ce13fdf82f61ada22d7c15e","image":"postgres:16-alpine","init":null,"ipc_mode":null,"labels":[],"log_driver":null,"log_opts":null,"logs":false,"max_retry_count":null,"memory":null,"memory_reservation":0,"memory_swap":null,"mounts":[{"bind_options":[],"read_only":null,"source":"ws_pg_data","target":"/var/lib/postgresql/data","tmpfs_options":[],"type":"volume","volume_options":[]}],"must_run":true,"name":"ws_postgres","network_data":null,"network_mode":"bridge","networks_advanced":[{"aliases":[],"ipv4_address":"","ipv6_address":"","mac_address":"","name":"ws-net"}],"pid_mode":null,"ports":[{"external":5432,"internal":5432,"ip":"0.0.0.0","protocol":"tcp"}],"privileged":null,"publish_all_ports":null,"read_only":false,"remove_volumes":true,"restart":"no","rm":false,"runtime":null,"security_opts":[],"shm_size":null,"start":true,"stdin_open":false,"stop_signal":null,"stop_timeout":null,"storage_opts":null,"sysctls":null,"tmpfs":null,"tty":false,"ulimit":[],"upload":[],"user":null,"userns_mode":null,"volumes":[],"wait":false,"wait_timeout":60,"working_dir":null},"sensitive_attributes":[],"private":"eyJzY2hlbWFfdmVyc2lvbiI6IjIifQ==","dependencies":["docker_network.ws_net","docker_volume.pg_data"]}]},{"mode":"managed","type":"docker_network","name":"ws_net","provider":"provider[\"registry.opentofu.org/kreuzwerker/docker\"]","instances":[{"schema_version":1,"attributes":{"attachable":false,"check_duplicate":null,"driver":"bridge","id":"163038e6e9deca1b52088499e083367562353fc6a865669d2f1a2ff9979118b4","ingress":false,"internal":false,"ipam_config":[{"aux_address":{},"gateway":"172.18.0.1","ip_range":"","subnet":"172.18.0.0/16"}],"ipam_driver":"default","ipam_options":null,"ipv6":false,"labels":[],"name":"ws-net","options":{},"scope":"local"},"sensitive_attributes":[],"private":"eyJzY2hlbWFfdmVyc2lvbiI6IjEifQ=="}]},{"mode":"managed","type":"docker_volume","name":"pg_data","provider":"provider[\"registry.opentofu.org/kreuzwerker/docker\"]","instances":[{"schema_version":1,"attributes":{"cluster":[],"driver":"local","driver_opts":null,"id":"ws_pg_data","labels":[],"mountpoint":"/var/lib/docker/volumes/ws_pg_data/_data","name":"ws_pg_data"},"sensitive_attributes":[],"private":"eyJzY2hlbWFfdmVyc2lvbiI6IjEifQ=="}]}],"check_results":null}
